
Microsoft Visual Studio Solution File, Format Version 12.00
# Visual Studio Version 16
VisualStudioVersion = 16.0.30204.135
MinimumVisualStudioVersion = 10.0.40219.1
Project("{FAE04EC0-301F-11D3-BF4B-00C04F79EFBC}") = "XmlListeITo", "XmlListeITo\XmlListeITo.csproj", "{961F4DA4-5476-4A0A-AF60-6824EEB5608B}"
EndProject
Project("{FAE04EC0-301F-11D3-BF4B-00C04F79EFBC}") = "ClassLibrary1", "ClassLibrary1\ClassLibrary1.csproj", "{A5E47F69-DFE5-49DE-ADA1-F6ECFFEEAC53}"
EndProject
Global
	GlobalSection(SolutionConfigurationPlatforms) = preSolution
		Debug|Any CPU = Debug|Any CPU
		Release|Any CPU = Release|Any CPU
	EndGlobalSection
	GlobalSection(ProjectConfigurationPlatforms) = postSolution
		{961F4DA4-5476-4A0A-AF60-6824EEB5608B}.Debug|Any CPU.ActiveCfg = Debug|Any CPU
		{961F4DA4-5476-4A0A-AF60-6824EEB5608B}.Debug|Any CPU.Build.0 = Debug|Any CPU
		{961F4DA4-5476-4A0A-AF60-6824EEB5608B}.Release|Any CPU.ActiveCfg = Release|Any CPU
		{961F4DA4-5476-4A0A-AF60-6824EEB5608B}.Release|Any CPU.Build.0 = Release|Any CPU
		{A5E47F69-DFE5-49DE-ADA1-F6ECFFEEAC53}.Debug|Any CPU.ActiveCfg = Debug|Any CPU
		{A5E47F69-DFE5-49DE-ADA1-F6ECFFEEAC53}.Debug|Any CPU.Build.0 = Debug|Any CPU
		{A5E47F69-DFE5-49DE-ADA1-F6ECFFEEAC53}.Release|Any CPU.ActiveCfg = Release|Any CPU
		{A5E47F69-DFE5-49DE-ADA1-F6ECFFEEAC53}.Release|Any CPU.Build.0 = Release|Any CPU
	EndGlobalSection
	GlobalSection(SolutionProperties) = preSolution
		HideSolutionNode = FALSE
	EndGlobalSection
	GlobalSection(ExtensibilityGlobals) = postSolution
		SolutionGuid = {7ADAFC7A-1ED8-4FDD-8218-B23D86A22761}
	EndGlobalSection
EndGlobal
